# This file is @generated by PDM.
# It is not intended for manual editing.

[metadata]
groups = ["default"]
strategy = ["inherit_metadata"]
lock_version = "4.5.0"
content_hash = "sha256:e69efe6b9d4ba12b07c7a05802992377f788a05fe219b658090675d0300b07b9"

[[metadata.targets]]
requires_python = "==3.13.*"

[[package]]
name = "pdm-autoexport"
version = "0.2.0"
requires_python = ">=3.7"
summary = "A PDM plugin to sync the exported files with the project file"
groups = ["default"]
files = [
    {file = "pdm_autoexport-0.2.0-py3-none-any.whl", hash = "sha256:385dd748bca5031a54cb3bcfbc1f230712fb6305d8d8ae75ee30affcbf98a4fc"},
    {file = "pdm_autoexport-0.2.0.tar.gz", hash = "sha256:a7bd49c39cfc8a35dcd648f11e00817c3e1cb4764cb6501ab9d11a621934feac"},
]

[[package]]
name = "pdm-vscode"
version = "0.1.1"
requires_python = ">=3.7"
summary = "A PDM plugin that autogenerates workspace vscode settings for you"
groups = ["default"]
files = [
    {file = "pdm-vscode-0.1.1.tar.gz", hash = "sha256:b471cf79cb4c123c907236a89b1808999ece58196300bf79e9409acb27a94387"},
    {file = "pdm_vscode-0.1.1-py3-none-any.whl", hash = "sha256:3c3f6b737176f2a59e9ec4ba5f8b5c0cfb16a92c6ed05f8a45905c275b16ce7e"},
]
